
Microsoft Visual Studio Solution File, Format Version 12.00
# Visual Studio Version 16
VisualStudioVersion = 16.0.31129.286
MinimumVisualStudioVersion = 10.0.40219.1
Project("{FAE04EC0-301F-11D3-BF4B-00C04F79EFBC}") = "NHolbrook - IMS - Task1", "NHolbrook - IMS - Task1.csproj", "{A91632A2-8690-4C6D-9A1A-27002B790077}"
EndProject
Global
	GlobalSection(SolutionConfigurationPlatforms) = preSolution
		Debug|Any CPU = Debug|Any CPU
		Release|Any CPU = Release|Any CPU
	EndGlobalSection
	GlobalSection(ProjectConfigurationPlatforms) = postSolution
		{A91632A2-8690-4C6D-9A1A-27002B790077}.Debug|Any CPU.ActiveCfg = Debug|Any CPU
		{A91632A2-8690-4C6D-9A1A-27002B790077}.Debug|Any CPU.Build.0 = Debug|Any CPU
		{A91632A2-8690-4C6D-9A1A-27002B790077}.Release|Any CPU.ActiveCfg = Release|Any CPU
		{A91632A2-8690-4C6D-9A1A-27002B790077}.Release|Any CPU.Build.0 = Release|Any CPU
	EndGlobalSection
	GlobalSection(SolutionProperties) = preSolution
		HideSolutionNode = FALSE
	EndGlobalSection
	GlobalSection(ExtensibilityGlobals) = postSolution
		SolutionGuid = {36D17D4C-AB33-4AC0-9262-2E0E5578A472}
	EndGlobalSection
EndGlobal
